
Microsoft Visual Studio Solution File, Format Version 12.00
# Visual Studio Version 17
VisualStudioVersion = 17.9.34701.34
MinimumVisualStudioVersion = 10.0.40219.1
Project("{F184B08F-C81C-45F6-A57F-5ABD9991F28F}") = "mariaDB2", "mariaDB2\mariaDB2.vbproj", "{EED282AA-136E-4108-A23E-7F90B9DCF654}"
EndProject
Global
	GlobalSection(SolutionConfigurationPlatforms) = preSolution
		Debug|Any CPU = Debug|Any CPU
		Release|Any CPU = Release|Any CPU
	EndGlobalSection
	GlobalSection(ProjectConfigurationPlatforms) = postSolution
		{EED282AA-136E-4108-A23E-7F90B9DCF654}.Debug|Any CPU.ActiveCfg = Debug|Any CPU
		{EED282AA-136E-4108-A23E-7F90B9DCF654}.Debug|Any CPU.Build.0 = Debug|Any CPU
		{EED282AA-136E-4108-A23E-7F90B9DCF654}.Release|Any CPU.ActiveCfg = Release|Any CPU
		{EED282AA-136E-4108-A23E-7F90B9DCF654}.Release|Any CPU.Build.0 = Release|Any CPU
	EndGlobalSection
	GlobalSection(SolutionProperties) = preSolution
		HideSolutionNode = FALSE
	EndGlobalSection
	GlobalSection(ExtensibilityGlobals) = postSolution
		SolutionGuid = {7B93F468-66F4-4DD6-8A86-F31A6B2C87D9}
	EndGlobalSection
EndGlobal
